
Microsoft Visual Studio Solution File, Format Version 12.00
# Visual Studio 15
VisualStudioVersion = 15.0.27617.1
MinimumVisualStudioVersion = 10.0.40219.1
Project("{FAE04EC0-301F-11D3-BF4B-00C04F79EFBC}") = "WebApp", "WebApp\WebApp.csproj", "{E7148CA4-D11A-4FB0-AEC9-530EC1CB8DBA}"
EndProject
Global
	GlobalSection(SolutionConfigurationPlatforms) = preSolution
		Debug|Any CPU = Debug|Any CPU
		Release|Any CPU = Release|Any CPU
	EndGlobalSection
	GlobalSection(ProjectConfigurationPlatforms) = postSolution
		{E7148CA4-D11A-4FB0-AEC9-530EC1CB8DBA}.Debug|Any CPU.ActiveCfg = Debug|Any CPU
		{E7148CA4-D11A-4FB0-AEC9-530EC1CB8DBA}.Debug|Any CPU.Build.0 = Debug|Any CPU
		{E7148CA4-D11A-4FB0-AEC9-530EC1CB8DBA}.Release|Any CPU.ActiveCfg = Release|Any CPU
		{E7148CA4-D11A-4FB0-AEC9-530EC1CB8DBA}.Release|Any CPU.Build.0 = Release|Any CPU
	EndGlobalSection
	GlobalSection(SolutionProperties) = preSolution
		HideSolutionNode = FALSE
	EndGlobalSection
	GlobalSection(ExtensibilityGlobals) = postSolution
		SolutionGuid = {A4CC9932-1DB5-441A-A613-D26FCDFF220A}
	EndGlobalSection
EndGlobal
